
Microsoft Visual Studio Solution File, Format Version 12.00
# Visual Studio Version 16
VisualStudioVersion = 16.0.29230.47
MinimumVisualStudioVersion = 10.0.40219.1
Project("{FAE04EC0-301F-11D3-BF4B-00C04F79EFBC}") = "Geometricos", "Geometricos.csproj", "{67FC4345-1CF4-46F5-8DBD-8116D68A593F}"
EndProject
Global
	GlobalSection(SolutionConfigurationPlatforms) = preSolution
		Debug|Any CPU = Debug|Any CPU
		Release|Any CPU = Release|Any CPU
	EndGlobalSection
	GlobalSection(ProjectConfigurationPlatforms) = postSolution
		{67FC4345-1CF4-46F5-8DBD-8116D68A593F}.Debug|Any CPU.ActiveCfg = Debug|Any CPU
		{67FC4345-1CF4-46F5-8DBD-8116D68A593F}.Debug|Any CPU.Build.0 = Debug|Any CPU
		{67FC4345-1CF4-46F5-8DBD-8116D68A593F}.Release|Any CPU.ActiveCfg = Release|Any CPU
		{67FC4345-1CF4-46F5-8DBD-8116D68A593F}.Release|Any CPU.Build.0 = Release|Any CPU
	EndGlobalSection
	GlobalSection(SolutionProperties) = preSolution
		HideSolutionNode = FALSE
	EndGlobalSection
	GlobalSection(ExtensibilityGlobals) = postSolution
		SolutionGuid = {E114BAC5-0C5E-4692-A080-4D1ADED44116}
	EndGlobalSection
EndGlobal
