
Microsoft Visual Studio Solution File, Format Version 12.00
# Visual Studio Version 16
VisualStudioVersion = 16.0.29403.142
MinimumVisualStudioVersion = 10.0.40219.1
Project("{FAE04EC0-301F-11D3-BF4B-00C04F79EFBC}") = "Herencia", "Herencia.csproj", "{3044E5C4-DEA0-49DD-9318-13CE97B6C78D}"
EndProject
Global
	GlobalSection(SolutionConfigurationPlatforms) = preSolution
		Debug|Any CPU = Debug|Any CPU
		Release|Any CPU = Release|Any CPU
	EndGlobalSection
	GlobalSection(ProjectConfigurationPlatforms) = postSolution
		{3044E5C4-DEA0-49DD-9318-13CE97B6C78D}.Debug|Any CPU.ActiveCfg = Debug|Any CPU
		{3044E5C4-DEA0-49DD-9318-13CE97B6C78D}.Debug|Any CPU.Build.0 = Debug|Any CPU
		{3044E5C4-DEA0-49DD-9318-13CE97B6C78D}.Release|Any CPU.ActiveCfg = Release|Any CPU
		{3044E5C4-DEA0-49DD-9318-13CE97B6C78D}.Release|Any CPU.Build.0 = Release|Any CPU
	EndGlobalSection
	GlobalSection(SolutionProperties) = preSolution
		HideSolutionNode = FALSE
	EndGlobalSection
	GlobalSection(ExtensibilityGlobals) = postSolution
		SolutionGuid = {3392ECE4-489E-4492-9261-9F11F70B3505}
	EndGlobalSection
EndGlobal
